github.com/PagerDuty/go-pagerduty v1.8.0 h1:MTFqTffIcAervB83U7Bx6HERzLbyaSPL/+oxH3zyluI=
github.com/PagerDuty/go-pagerduty v1.8.0/go.mod h1:nzIeAqyFSJAFkjWKvMzug0JtwDg+V+UoCWjFrfFH5mI=
github.com/bradleyfalzon/ghinstallation/v2 v2.19.0 h1:KQfD+43pRw9NUJhGycGrFr9vF1MubZacksKol1gomFI=
github.com/bradleyfalzon/ghinstallation/v2 v2.19.0/go.mod h1:fe5ECIhCdEnxwLiBlNTxx9CP455wt42BELnlDVMvaAA=
github.com/creasty/defaults v1.11.0 h1:lZ8c5bHZGtyIeumdTPXKOKkHtNL+qQWVrGhNPGqeFww=
github.com/creasty/defaults v1.11.0/go.mod h1:TGHvg4OCP/fVv+yotLzg97i5PKrF+iZSvg6Kmm7Y12Y=
github.com/giantswarm/personio-go v0.6.0 h1:PQZKSG33ppghrVLyvvhl7eJvOaRh5Ui1KnPDngWngDI=
github.com/giantswarm/personio-go v0.6.0/go.mod h1:4R6PohJg6uCIm0nErfI4OzdyXt+iJc0Q1iGB6/jFOUw=
github.com/go-test/deep v1.1.1 h1:0r/53hagsehfO4bzD2Pgr/+RgHqhmf+k1Bpse2cTu1U=
github.com/go-test/deep v1.1.1/go.mod h1:5C2ZWiW0ErCdrYzpqxLbTX7MG14M9iiw8DgHncVwcsE=
github.com/golang-jwt/jwt/v4 v4.5.2 h1:YtQM7lnr8iZ+j5q71MGKkNw9Mn7AjHM68uc9g5fXeUI=
github.com/golang-jwt/jwt/v4 v4.5.2/go.mod h1:m21LjoU+eqJr34lmDMbreY2eSTRJ1cv77w39/MY0Ch0=
github.com/google/go-cmp v0.6.0/go.mod h1:17dUlkBOakJ0+DkrSSNjCkIjxS6bF9zb3elmeNGIjoY=
github.com/google/go-cmp v0.7.0 h1:wk8382ETsv4JYUZwIsn6YpYiWiBsYLSJiTsyBybVuN8=
github.com/google/go-cmp v0.7.0/go.mod h1:pXiqmnSA92OHEEa9HXL2W4E7lf9JzCmGVUdgjX3N/iU=
github.com/google/go-github/v88 v88.0.0 h1:dZA9IKkPK1eXZj4ypngnpRj5FwdpTv4whix2PrQMP7M=
github.com/google/go-github/v88 v88.0.0/go.mod h1:rufTDgn2N45wjhukLTyxmvc9nilSp3mr3Rgtt6b1MPw=
github.com/google/go-querystring v1.2.0 h1:yhqkPbu2/OH+V9BfpCVPZkNmUXhb2gBxJArfhIxNtP0=
github.com/google/go-querystring v1.2.0/go.mod h1:8IFJqpSRITyJ8QhQ13bmbeMBDfmeEJZD5A0egEOmkqU=
github.com/gorilla/websocket v1.5.3 h1:saDtZ6Pbx/0u+bgYQ3q96pZgCzfhKXGPqt7kZ72aNNg=
github.com/gorilla/websocket v1.5.3/go.mod h1:YR8l580nyteQvAITg2hZ9XVh4b55+EU/adAjf1fMHhE=
github.com/kr/pretty v0.1.0 h1:L/CwN0zerZDmRFUapSPitk6f+Q3+0za1rQkzVuMiMFI=
github.com/kr/pretty v0.1.0/go.mod h1:dAy3ld7l9f0ibDNOQOHHMYYIIbhfbHSm3C4ZsoJORNo=
github.com/kr/pty v1.1.1/go.mod h1:pFQYn66WHrOpPYNljwOMqo10TkYh1fy3cYio2l3bCsQ=
github.com/kr/text v0.1.0 h1:45sCR5RtlFHMR4UwH9sdQ5TC8v0qDQCHnXt+kaKSTVE=
github.com/kr/text v0.1.0/go.mod h1:4Jbv+DJW3UT/LiOwJeYQe1efqtUx/iVham/4vfdArNI=
github.com/slack-go/slack v0.23.1 h1:ZS5B96wxxYQRwvJ3/vJFtqtUZi3tXhsZCyT44Nv7M80=
github.com/slack-go/slack v0.23.1/go.mod h1:H0yR/YBuRJ39RkE+JpV/d/oEsbanzTRowR82bCN0cEs=
github.com/stretchr/testify v1.12.1 h1:EuwCh5fleGS7H32xRwO3wRGT7DxrDhLAT6FF8MpWDWE=
github.com/stretchr/testify v1.12.1/go.mod h1:MDEgiDPPsNp5cuIrHPPCyornHKgEVbtFUmoNlxoYthg=
go.yaml.in/yaml/v3 v3.0.5 h1:N6y/pJk8buWs9NY5ERU2HSMfm+IuD/OtfdAnq6kESPw=
go.yaml.in/yaml/v3 v3.0.5/go.mod h1:HVTZu1O7/Vkt2N+BFy8Zza+lnLsABggaTM2ZpNIGuKg=
gopkg.in/check.v1 v0.0.0-20161208181325-20d25e280405/go.mod h1:Co6ibVJAznAaIkqp8huTwlJQCZ016jof/cbN4VW5Yz0=
gopkg.in/check.v1 v1.0.0-20180628173108-788fd7840127 h1:qIbj1fsPNlZgppZ+VLlY7N33q108Sa+fhmuc+sWQYwY=
gopkg.in/check.v1 v1.0.0-20180628173108-788fd7840127/go.mod h1:Co6ibVJAznAaIkqp8huTwlJQCZ016jof/cbN4VW5Yz0=
gopkg.in/yaml.v2 v2.4.0 h1:D8xgwECY7CYvx+Y2n4sBz93Jn9JRvxdiyyo8CTfuKaY=
gopkg.in/yaml.v2 v2.4.0/go.mod h1:RDklbk79AGWmwhnvt/jBztapEOGDOx6ZbXqjP6csGnQ=
